# This file is autogenerated, do not edit; changes may be undone by the next 'dep ensure'.


[[projects]]
  name = "github.com/imdario/mergo"
  packages = ["."]
  revision = "163f41321a19dd09362d4c63cc2489db2015f1f4"
  version = "0.3.2"

[[projects]]
  branch = "master"
  name = "github.com/lagoon-platform/engine"
  packages = ["."]
  revision = "e53beaab2bdada2cff9378ec660965c5218ef295"

[[projects]]
  name = "gopkg.in/yaml.v2"
  packages = ["."]
  revision = "7f97868eec74b32b0982dd158a51a446d1da7eb5"
  version = "v2.1.1"

[solve-meta]
  analyzer-name = "dep"
  analyzer-version = 1
  inputs-digest = "009e87ed51db34aa3ad1ee43973ec2cfec91a6dbba567afd3ba0d08e794295fa"
  solver-name = "gps-cdcl"
  solver-version = 1
